
Microsoft Visual Studio Solution File, Format Version 12.00
# Visual Studio Version 17
VisualStudioVersion = 17.4.33213.308
MinimumVisualStudioVersion = 10.0.40219.1
Project("{FAE04EC0-301F-11D3-BF4B-00C04F79EFBC}") = "BeehiveManagementSystem", "BeehiveManagementSystem\BeehiveManagementSystem.csproj", "{40448213-E4FA-4B2E-A89C-B9A5336668A0}"
EndProject
Global
	GlobalSection(SolutionConfigurationPlatforms) = preSolution
		Debug|Any CPU = Debug|Any CPU
		Release|Any CPU = Release|Any CPU
	EndGlobalSection
	GlobalSection(ProjectConfigurationPlatforms) = postSolution
		{40448213-E4FA-4B2E-A89C-B9A5336668A0}.Debug|Any CPU.ActiveCfg = Debug|Any CPU
		{40448213-E4FA-4B2E-A89C-B9A5336668A0}.Debug|Any CPU.Build.0 = Debug|Any CPU
		{40448213-E4FA-4B2E-A89C-B9A5336668A0}.Release|Any CPU.ActiveCfg = Release|Any CPU
		{40448213-E4FA-4B2E-A89C-B9A5336668A0}.Release|Any CPU.Build.0 = Release|Any CPU
	EndGlobalSection
	GlobalSection(SolutionProperties) = preSolution
		HideSolutionNode = FALSE
	EndGlobalSection
	GlobalSection(ExtensibilityGlobals) = postSolution
		SolutionGuid = {D1320273-276B-40F7-A004-6AA726F81FFB}
	EndGlobalSection
EndGlobal
